// !$*UTF8*$!
{
	archiveVersion = 1;
	classes = {
	};
	objectVersion = 46;
	objects = {

/* Begin PBXBuildFile section */
		372819ED1E1DD43900D1DEF7 /* libassimp.3.3.1.dylib in Frameworks */ = {isa = PBXBuildFile; fileRef = 372819EC1E1DD43900D1DEF7 /* libassimp.3.3.1.dylib */; };
		375B85551E1C62D9001DB3F2 /* libfreeimage.a in Frameworks */ = {isa = PBXBuildFile; fileRef = 375B85541E1C62D9001DB3F2 /* libfreeimage.a */; };
		3770D94D1E26BD020064F1F3 /* shaderprogram.cpp in Sources */ = {isa = PBXBuildFile; fileRef = 3770D94C1E26BD020064F1F3 /* shaderprogram.cpp */; };
		3770D9501E26BED00064F1F3 /* worldloader.cpp in Sources */ = {isa = PBXBuildFile; fileRef = 3770D94F1E26BED00064F1F3 /* worldloader.cpp */; };
		3770D9531E26C3A70064F1F3 /* imageloader.cpp in Sources */ = {isa = PBXBuildFile; fileRef = 3770D9521E26C3A70064F1F3 /* imageloader.cpp */; };
		3770D9601E2703740064F1F3 /* mesh.cpp in Sources */ = {isa = PBXBuildFile; fileRef = 3770D95F1E2703740064F1F3 /* mesh.cpp */; };
		3770D9631E2704500064F1F3 /* model.cpp in Sources */ = {isa = PBXBuildFile; fileRef = 3770D9621E2704500064F1F3 /* model.cpp */; };
		3792F6C91E1AFC890019370B /* OpenGL.framework in Frameworks */ = {isa = PBXBuildFile; fileRef = 3792F6C81E1AFC890019370B /* OpenGL.framework */; };
		3792F6CB1E1AFD110019370B /* libGLEW.2.0.0.dylib in Frameworks */ = {isa = PBXBuildFile; fileRef = 3792F6CA1E1AFD110019370B /* libGLEW.2.0.0.dylib */; };
		3792F6CD1E1AFD830019370B /* libglfw.3.2.dylib in Frameworks */ = {isa = PBXBuildFile; fileRef = 3792F6CC1E1AFD830019370B /* libglfw.3.2.dylib */; };
		3792F6D71E1B07680019370B /* cubbies.cpp in Sources */ = {isa = PBXBuildFile; fileRef = 3792F6D41E1B07680019370B /* cubbies.cpp */; };
		37DECDBB1E2EFE20004E52A9 /* worldwriter.cpp in Sources */ = {isa = PBXBuildFile; fileRef = 37DECDBA1E2EFE20004E52A9 /* worldwriter.cpp */; };
/* End PBXBuildFile section */

/* Begin PBXCopyFilesBuildPhase section */
		3792F6BC1E1AF9E80019370B /* CopyFiles */ = {
			isa = PBXCopyFilesBuildPhase;
			buildActionMask = 2147483647;
			dstPath = /usr/share/man/man1/;
			dstSubfolderSpec = 0;
			files = (
			);
			runOnlyForDeploymentPostprocessing = 1;
		};
/* End PBXCopyFilesBuildPhase section */

/* Begin PBXFileReference section */
		372819EC1E1DD43900D1DEF7 /* libassimp.3.3.1.dylib */ = {isa = PBXFileReference; lastKnownFileType = "compiled.mach-o.dylib"; name = libassimp.3.3.1.dylib; path = ../../../../usr/local/Cellar/assimp/3.3.1/lib/libassimp.3.3.1.dylib; sourceTree = "<group>"; };
		375B85541E1C62D9001DB3F2 /* libfreeimage.a */ = {isa = PBXFileReference; lastKnownFileType = archive.ar; name = libfreeimage.a; path = ../../../../usr/local/Cellar/freeimage/3.17.0/lib/libfreeimage.a; sourceTree = "<group>"; };
		375B85561E1D81FE001DB3F2 /* cat.bmp */ = {isa = PBXFileReference; lastKnownFileType = image.bmp; name = cat.bmp; path = "../opengl-xcode-test/cat.bmp"; sourceTree = BUILT_PRODUCTS_DIR; };
		375B85571E1D81FE001DB3F2 /* uvtemplate.bmp */ = {isa = PBXFileReference; lastKnownFileType = image.bmp; name = uvtemplate.bmp; path = "../opengl-xcode-test/uvtemplate.bmp"; sourceTree = BUILT_PRODUCTS_DIR; };
		3770D94C1E26BD020064F1F3 /* shaderprogram.cpp */ = {isa = PBXFileReference; fileEncoding = 4; lastKnownFileType = sourcecode.cpp.cpp; path = shaderprogram.cpp; sourceTree = "<group>"; };
		3770D94E1E26BD720064F1F3 /* shaderprogram.h */ = {isa = PBXFileReference; fileEncoding = 4; lastKnownFileType = sourcecode.c.h; path = shaderprogram.h; sourceTree = "<group>"; };
		3770D94F1E26BED00064F1F3 /* worldloader.cpp */ = {isa = PBXFileReference; fileEncoding = 4; lastKnownFileType = sourcecode.cpp.cpp; path = worldloader.cpp; sourceTree = "<group>"; };
		3770D9511E26BFC50064F1F3 /* worldloader.h */ = {isa = PBXFileReference; fileEncoding = 4; lastKnownFileType = sourcecode.c.h; path = worldloader.h; sourceTree = "<group>"; };
		3770D9521E26C3A70064F1F3 /* imageloader.cpp */ = {isa = PBXFileReference; fileEncoding = 4; lastKnownFileType = sourcecode.cpp.cpp; path = imageloader.cpp; sourceTree = "<group>"; };
		3770D9541E26C42C0064F1F3 /* imageloader.h */ = {isa = PBXFileReference; fileEncoding = 4; lastKnownFileType = sourcecode.c.h; path = imageloader.h; sourceTree = "<group>"; };
		3770D95D1E2703500064F1F3 /* mesh.h */ = {isa = PBXFileReference; fileEncoding = 4; lastKnownFileType = sourcecode.c.h; path = mesh.h; sourceTree = "<group>"; };
		3770D95F1E2703740064F1F3 /* mesh.cpp */ = {isa = PBXFileReference; fileEncoding = 4; lastKnownFileType = sourcecode.cpp.cpp; path = mesh.cpp; sourceTree = "<group>"; };
		3770D9611E27043A0064F1F3 /* model.h */ = {isa = PBXFileReference; fileEncoding = 4; lastKnownFileType = sourcecode.c.h; path = model.h; sourceTree = "<group>"; };
		3770D9621E2704500064F1F3 /* model.cpp */ = {isa = PBXFileReference; fileEncoding = 4; lastKnownFileType = sourcecode.cpp.cpp; path = model.cpp; sourceTree = "<group>"; };
		3770D9641E29A3B10064F1F3 /* PickingVertexShader.txt */ = {isa = PBXFileReference; fileEncoding = 4; lastKnownFileType = text; path = PickingVertexShader.txt; sourceTree = "<group>"; };
		3770D9651E29A4110064F1F3 /* PickingFragmentShader.txt */ = {isa = PBXFileReference; fileEncoding = 4; lastKnownFileType = text; path = PickingFragmentShader.txt; sourceTree = "<group>"; };
		3792F6BE1E1AF9E80019370B /* cubbies */ = {isa = PBXFileReference; explicitFileType = "compiled.mach-o.executable"; includeInIndex = 0; path = cubbies; sourceTree = BUILT_PRODUCTS_DIR; };
		3792F6C81E1AFC890019370B /* OpenGL.framework */ = {isa = PBXFileReference; lastKnownFileType = wrapper.framework; name = OpenGL.framework; path = System/Library/Frameworks/OpenGL.framework; sourceTree = SDKROOT; };
		3792F6CA1E1AFD110019370B /* libGLEW.2.0.0.dylib */ = {isa = PBXFileReference; lastKnownFileType = "compiled.mach-o.dylib"; name = libGLEW.2.0.0.dylib; path = ../../../../usr/local/lib/libGLEW.2.0.0.dylib; sourceTree = "<group>"; };
		3792F6CC1E1AFD830019370B /* libglfw.3.2.dylib */ = {isa = PBXFileReference; lastKnownFileType = "compiled.mach-o.dylib"; name = libglfw.3.2.dylib; path = "glfw-3.2.1/build/src/Debug/libglfw.3.2.dylib"; sourceTree = "<group>"; };
		3792F6D41E1B07680019370B /* cubbies.cpp */ = {isa = PBXFileReference; fileEncoding = 4; lastKnownFileType = sourcecode.cpp.cpp; name = cubbies.cpp; path = "../opengl-xcode-test/cubbies.cpp"; sourceTree = BUILT_PRODUCTS_DIR; };
		3792F6D51E1B07680019370B /* FragmentShader.txt */ = {isa = PBXFileReference; fileEncoding = 4; lastKnownFileType = text; path = FragmentShader.txt; sourceTree = "<group>"; };
		3792F6D61E1B07680019370B /* VertexShader.txt */ = {isa = PBXFileReference; fileEncoding = 4; lastKnownFileType = text; name = VertexShader.txt; path = "../opengl-xcode-test/VertexShader.txt"; sourceTree = BUILT_PRODUCTS_DIR; };
		37DECDBA1E2EFE20004E52A9 /* worldwriter.cpp */ = {isa = PBXFileReference; fileEncoding = 4; lastKnownFileType = sourcecode.cpp.cpp; path = worldwriter.cpp; sourceTree = "<group>"; };
		37DECDBC1E2EFE3D004E52A9 /* worldwriter.h */ = {isa = PBXFileReference; fileEncoding = 4; lastKnownFileType = sourcecode.c.h; path = worldwriter.h; sourceTree = "<group>"; };
/* End PBXFileReference section */

/* Begin PBXFrameworksBuildPhase section */
		3792F6BB1E1AF9E80019370B /* Frameworks */ = {
			isa = PBXFrameworksBuildPhase;
			buildActionMask = 2147483647;
			files = (
				372819ED1E1DD43900D1DEF7 /* libassimp.3.3.1.dylib in Frameworks */,
				375B85551E1C62D9001DB3F2 /* libfreeimage.a in Frameworks */,
				3792F6CD1E1AFD830019370B /* libglfw.3.2.dylib in Frameworks */,
				3792F6CB1E1AFD110019370B /* libGLEW.2.0.0.dylib in Frameworks */,
				3792F6C91E1AFC890019370B /* OpenGL.framework in Frameworks */,
			);
			runOnlyForDeploymentPostprocessing = 0;
		};
/* End PBXFrameworksBuildPhase section */

/* Begin PBXGroup section */
		3792F6B51E1AF9E80019370B = {
			isa = PBXGroup;
			children = (
				372819EC1E1DD43900D1DEF7 /* libassimp.3.3.1.dylib */,
				375B85541E1C62D9001DB3F2 /* libfreeimage.a */,
				3792F6CC1E1AFD830019370B /* libglfw.3.2.dylib */,
				3792F6CA1E1AFD110019370B /* libGLEW.2.0.0.dylib */,
				3792F6C81E1AFC890019370B /* OpenGL.framework */,
				3792F6C01E1AF9E80019370B /* opengl-xcode-test */,
				3792F6BF1E1AF9E80019370B /* Products */,
			);
			sourceTree = "<group>";
		};
		3792F6BF1E1AF9E80019370B /* Products */ = {
			isa = PBXGroup;
			children = (
				3792F6BE1E1AF9E80019370B /* cubbies */,
			);
			name = Products;
			sourceTree = "<group>";
		};
		3792F6C01E1AF9E80019370B /* opengl-xcode-test */ = {
			isa = PBXGroup;
			children = (
				375B85561E1D81FE001DB3F2 /* cat.bmp */,
				375B85571E1D81FE001DB3F2 /* uvtemplate.bmp */,
				3792F6D41E1B07680019370B /* cubbies.cpp */,
				3792F6D51E1B07680019370B /* FragmentShader.txt */,
				3792F6D61E1B07680019370B /* VertexShader.txt */,
				3770D94C1E26BD020064F1F3 /* shaderprogram.cpp */,
				3770D94E1E26BD720064F1F3 /* shaderprogram.h */,
				3770D94F1E26BED00064F1F3 /* worldloader.cpp */,
				3770D9511E26BFC50064F1F3 /* worldloader.h */,
				3770D9521E26C3A70064F1F3 /* imageloader.cpp */,
				3770D9541E26C42C0064F1F3 /* imageloader.h */,
				3770D95D1E2703500064F1F3 /* mesh.h */,
				3770D95F1E2703740064F1F3 /* mesh.cpp */,
				3770D9611E27043A0064F1F3 /* model.h */,
				3770D9621E2704500064F1F3 /* model.cpp */,
				3770D9641E29A3B10064F1F3 /* PickingVertexShader.txt */,
				3770D9651E29A4110064F1F3 /* PickingFragmentShader.txt */,
				37DECDBA1E2EFE20004E52A9 /* worldwriter.cpp */,
				37DECDBC1E2EFE3D004E52A9 /* worldwriter.h */,
			);
			path = "opengl-xcode-test";
			sourceTree = "<group>";
		};
/* End PBXGroup section */

/* Begin PBXNativeTarget section */
		3792F6BD1E1AF9E80019370B /* cubbies */ = {
			isa = PBXNativeTarget;
			buildConfigurationList = 3792F6C51E1AF9E80019370B /* Build configuration list for PBXNativeTarget "cubbies" */;
			buildPhases = (
				3792F6BA1E1AF9E80019370B /* Sources */,
				3792F6BB1E1AF9E80019370B /* Frameworks */,
				3792F6BC1E1AF9E80019370B /* CopyFiles */,
			);
			buildRules = (
			);
			dependencies = (
			);
			name = cubbies;
			productName = "opengl-xcode-test";
			productReference = 3792F6BE1E1AF9E80019370B /* cubbies */;
			productType = "com.apple.product-type.tool";
		};
/* End PBXNativeTarget section */

/* Begin PBXProject section */
		3792F6B61E1AF9E80019370B /* Project object */ = {
			isa = PBXProject;
			attributes = {
				LastUpgradeCheck = 0730;
				ORGANIZATIONNAME = "Emily Abrash";
				TargetAttributes = {
					3792F6BD1E1AF9E80019370B = {
						CreatedOnToolsVersion = 7.3.1;
					};
				};
			};
			buildConfigurationList = 3792F6B91E1AF9E80019370B /* Build configuration list for PBXProject "cubbies" */;
			compatibilityVersion = "Xcode 3.2";
			developmentRegion = English;
			hasScannedForEncodings = 0;
			knownRegions = (
				en,
			);
			mainGroup = 3792F6B51E1AF9E80019370B;
			productRefGroup = 3792F6BF1E1AF9E80019370B /* Products */;
			projectDirPath = "";
			projectRoot = "";
			targets = (
				3792F6BD1E1AF9E80019370B /* cubbies */,
			);
		};
/* End PBXProject section */

/* Begin PBXSourcesBuildPhase section */
		3792F6BA1E1AF9E80019370B /* Sources */ = {
			isa = PBXSourcesBuildPhase;
			buildActionMask = 2147483647;
			files = (
				3792F6D71E1B07680019370B /* cubbies.cpp in Sources */,
				3770D9631E2704500064F1F3 /* model.cpp in Sources */,
				3770D9501E26BED00064F1F3 /* worldloader.cpp in Sources */,
				3770D9601E2703740064F1F3 /* mesh.cpp in Sources */,
				3770D9531E26C3A70064F1F3 /* imageloader.cpp in Sources */,
				3770D94D1E26BD020064F1F3 /* shaderprogram.cpp in Sources */,
				37DECDBB1E2EFE20004E52A9 /* worldwriter.cpp in Sources */,
			);
			runOnlyForDeploymentPostprocessing = 0;
		};
/* End PBXSourcesBuildPhase section */

/* Begin XCBuildConfiguration section */
		3792F6C31E1AF9E80019370B /* Debug */ = {
			isa = XCBuildConfiguration;
			buildSettings = {
				ALWAYS_SEARCH_USER_PATHS = NO;
				CLANG_ANALYZER_NONNULL = YES;
				CLANG_CXX_LANGUAGE_STANDARD = "gnu++0x";
				CLANG_CXX_LIBRARY = "libc++";
				CLANG_ENABLE_MODULES = YES;
				CLANG_ENABLE_OBJC_ARC = YES;
				CLANG_WARN_BOOL_CONVERSION = YES;
				CLANG_WARN_CONSTANT_CONVERSION = YES;
				CLANG_WARN_DIRECT_OBJC_ISA_USAGE = YES_ERROR;
				CLANG_WARN_EMPTY_BODY = YES;
				CLANG_WARN_ENUM_CONVERSION = YES;
				CLANG_WARN_INT_CONVERSION = YES;
				CLANG_WARN_OBJC_ROOT_CLASS = YES_ERROR;
				CLANG_WARN_UNREACHABLE_CODE = YES;
				CLANG_WARN__DUPLICATE_METHOD_MATCH = YES;
				CODE_SIGN_IDENTITY = "-";
				COPY_PHASE_STRIP = NO;
				DEBUG_INFORMATION_FORMAT = dwarf;
				ENABLE_STRICT_OBJC_MSGSEND = YES;
				ENABLE_TESTABILITY = YES;
				GCC_C_LANGUAGE_STANDARD = gnu99;
				GCC_DYNAMIC_NO_PIC = NO;
				GCC_NO_COMMON_BLOCKS = YES;
				GCC_OPTIMIZATION_LEVEL = 0;
				GCC_PREPROCESSOR_DEFINITIONS = (
					"DEBUG=1",
					"$(inherited)",
				);
				GCC_WARN_64_TO_32_BIT_CONVERSION = YES;
				GCC_WARN_ABOUT_RETURN_TYPE = YES_ERROR;
				GCC_WARN_UNDECLARED_SELECTOR = YES;
				GCC_WARN_UNINITIALIZED_AUTOS = YES_AGGRESSIVE;
				GCC_WARN_UNUSED_FUNCTION = YES;
				GCC_WARN_UNUSED_VARIABLE = YES;
				MACOSX_DEPLOYMENT_TARGET = 10.11;
				MTL_ENABLE_DEBUG_INFO = YES;
				ONLY_ACTIVE_ARCH = YES;
				SDKROOT = macosx;
			};
			name = Debug;
		};
		3792F6C41E1AF9E80019370B /* Release */ = {
			isa = XCBuildConfiguration;
			buildSettings = {
				ALWAYS_SEARCH_USER_PATHS = NO;
				CLANG_ANALYZER_NONNULL = YES;
				CLANG_CXX_LANGUAGE_STANDARD = "gnu++0x";
				CLANG_CXX_LIBRARY = "libc++";
				CLANG_ENABLE_MODULES = YES;
				CLANG_ENABLE_OBJC_ARC = YES;
				CLANG_WARN_BOOL_CONVERSION = YES;
				CLANG_WARN_CONSTANT_CONVERSION = YES;
				CLANG_WARN_DIRECT_OBJC_ISA_USAGE = YES_ERROR;
				CLANG_WARN_EMPTY_BODY = YES;
				CLANG_WARN_ENUM_CONVERSION = YES;
				CLANG_WARN_INT_CONVERSION = YES;
				CLANG_WARN_OBJC_ROOT_CLASS = YES_ERROR;
				CLANG_WARN_UNREACHABLE_CODE = YES;
				CLANG_WARN__DUPLICATE_METHOD_MATCH = YES;
				CODE_SIGN_IDENTITY = "-";
				COPY_PHASE_STRIP = NO;
				DEBUG_INFORMATION_FORMAT = "dwarf-with-dsym";
				ENABLE_NS_ASSERTIONS = NO;
				ENABLE_STRICT_OBJC_MSGSEND = YES;
				GCC_C_LANGUAGE_STANDARD = gnu99;
				GCC_NO_COMMON_BLOCKS = YES;
				GCC_WARN_64_TO_32_BIT_CONVERSION = YES;
				GCC_WARN_ABOUT_RETURN_TYPE = YES_ERROR;
				GCC_WARN_UNDECLARED_SELECTOR = YES;
				GCC_WARN_UNINITIALIZED_AUTOS = YES_AGGRESSIVE;
				GCC_WARN_UNUSED_FUNCTION = YES;
				GCC_WARN_UNUSED_VARIABLE = YES;
				MACOSX_DEPLOYMENT_TARGET = 10.11;
				MTL_ENABLE_DEBUG_INFO = NO;
				SDKROOT = macosx;
			};
			name = Release;
		};
		3792F6C61E1AF9E80019370B /* Debug */ = {
			isa = XCBuildConfiguration;
			buildSettings = {
				CONFIGURATION_BUILD_DIR = "$(BUILD_DIR)/opengl-xcode-test";
				CONFIGURATION_TEMP_DIR = "$(PROJECT_TEMP_DIR)/$(CONFIGURATION)$(EFFECTIVE_PLATFORM_NAME)";
				HEADER_SEARCH_PATHS = (
					/usr/local/include,
					/opt/local/include,
					"$(PROJECT_DIR)/glfw-3.2.1/build/src/Debug/**",
					"$(PROJECT_DIR)/glm/**",
				);
				LIBRARY_SEARCH_PATHS = (
					"$(inherited)",
					"$(PROJECT_DIR)/glfw-3.2.1/build/src/Debug",
					/usr/local/lib,
					/opt/local/lib,
					/usr/local/Cellar/freeimage/3.17.0/lib,
					/usr/local/Cellar/assimp/3.3.1/lib,
				);
				OTHER_LDFLAGS = "-lGLEW";
				PRODUCT_NAME = cubbies;
				SYMROOT = "$(SRCROOT)/opengl-xcode-test";
			};
			name = Debug;
		};
		3792F6C71E1AF9E80019370B /* Release */ = {
			isa = XCBuildConfiguration;
			buildSettings = {
				CONFIGURATION_BUILD_DIR = "$(BUILD_DIR)/opengl-xcode-test/$(CONFIGURATION)$(EFFECTIVE_PLATFORM_NAME)";
				HEADER_SEARCH_PATHS = (
					/usr/local/include,
					/opt/local/include,
					"$(PROJECT_DIR)/glfw-3.2.1/build/src/Debug/**",
					"$(PROJECT_DIR)/glm/**",
				);
				LIBRARY_SEARCH_PATHS = (
					"$(inherited)",
					"$(PROJECT_DIR)/glfw-3.2.1/build/src/Debug",
					/usr/local/lib,
					/opt/local/lib,
					/usr/local/Cellar/freeimage/3.17.0/lib,
					/usr/local/Cellar/assimp/3.3.1/lib,
				);
				OTHER_LDFLAGS = "-lGLEW";
				PRODUCT_NAME = cubbies;
				SYMROOT = "$(SRCROOT)/opengl-xcode-test";
			};
			name = Release;
		};
/* End XCBuildConfiguration section */

/* Begin XCConfigurationList section */
		3792F6B91E1AF9E80019370B /* Build configuration list for PBXProject "cubbies" */ = {
			isa = XCConfigurationList;
			buildConfigurations = (
				3792F6C31E1AF9E80019370B /* Debug */,
				3792F6C41E1AF9E80019370B /* Release */,
			);
			defaultConfigurationIsVisible = 0;
			defaultConfigurationName = Release;
		};
		3792F6C51E1AF9E80019370B /* Build configuration list for PBXNativeTarget "cubbies" */ = {
			isa = XCConfigurationList;
			buildConfigurations = (
				3792F6C61E1AF9E80019370B /* Debug */,
				3792F6C71E1AF9E80019370B /* Release */,
			);
			defaultConfigurationIsVisible = 0;
			defaultConfigurationName = Release;
		};
/* End XCConfigurationList section */
	};
	rootObject = 3792F6B61E1AF9E80019370B /* Project object */;
}
